PODS:
  - Capacitor (3.3.2):
    - CapacitorCordova
  - CapacitorApp (1.0.6):
    - Capacitor
  - CapacitorCordova (3.3.2)
  - CapacitorHaptics (1.1.3):
    - Capacitor
  - CapacitorKeyboard (1.1.3):
    - Capacitor
  - CapacitorStatusBar (1.0.6):
    - Capacitor

DEPENDENCIES:
  - "Capacitor (from `../../node_modules/@capacitor/ios`)"
  - "CapacitorApp (from `../../node_modules/@capacitor/app`)"
  - "CapacitorCordova (from `../../node_modules/@capacitor/ios`)"
  - "CapacitorHaptics (from `../../node_modules/@capacitor/haptics`)"
  - "CapacitorKeyboard (from `../../node_modules/@capacitor/keyboard`)"
  - "CapacitorStatusBar (from `../../node_modules/@capacitor/status-bar`)"

EXTERNAL SOURCES:
  Capacitor:
    :path: "../../node_modules/@capacitor/ios"
  CapacitorApp:
    :path: "../../node_modules/@capacitor/app"
  CapacitorCordova:
    :path: "../../node_modules/@capacitor/ios"
  CapacitorHaptics:
    :path: "../../node_modules/@capacitor/haptics"
  CapacitorKeyboard:
    :path: "../../node_modules/@capacitor/keyboard"
  CapacitorStatusBar:
    :path: "../../node_modules/@capacitor/status-bar"

SPEC CHECKSUMS:
  Capacitor: b8a7b81d33f3b7dcf934e2efc833feb6a1a8495f
  CapacitorApp: ec2e26a50713d175fd1680053500b63bfdc2af5f
  CapacitorCordova: a971c79c2186c6291c839c855ef2c31d0ca26ede
  CapacitorHaptics: 02ed2c6a2410f80fb37dc508e2c5aa9cd2c684e0
  CapacitorKeyboard: 5d75fe0a14b5c79ba044b8eded8881d7608008b6
  CapacitorStatusBar: 18a81121a25117a50a9ca3be0d0de85a1e49c7e5

PODFILE CHECKSUM: 90d47e5c2ebba1a5cc21b01100de8ccc736b5351

COCOAPODS: 1.10.1
